// !$*UTF8*$!
{
	archiveVersion = 1;
	classes = {
	};
	objectVersion = 46;
	objects = {

/* Begin PBXBuildFile section */
		452B82CB1F3AFD3C00AF9AC6 /* main.cpp in Sources */ = {isa = PBXBuildFile; fileRef = 452B82CA1F3AFD3C00AF9AC6 /* main.cpp */; };
		452B82D41F3AFE4B00AF9AC6 /* passman in CopyFiles */ = {isa = PBXBuildFile; fileRef = 452B82C71F3AFD3C00AF9AC6 /* passman */; };
		452B82DD1F3B0C1800AF9AC6 /* encrypt.cpp in Sources */ = {isa = PBXBuildFile; fileRef = 452B82DB1F3B0C1800AF9AC6 /* encrypt.cpp */; };
		452B82E01F3B106400AF9AC6 /* parse.cpp in Sources */ = {isa = PBXBuildFile; fileRef = 452B82DE1F3B106400AF9AC6 /* parse.cpp */; };
		452B82E31F3B10EF00AF9AC6 /* passwords.cpp in Sources */ = {isa = PBXBuildFile; fileRef = 452B82E11F3B10EF00AF9AC6 /* passwords.cpp */; };
		452B82E71F3C386300AF9AC6 /* interpret commands.cpp in Sources */ = {isa = PBXBuildFile; fileRef = 452B82E51F3C386300AF9AC6 /* interpret commands.cpp */; };
		452B82EA1F3C393D00AF9AC6 /* write to clipboard.cpp in Sources */ = {isa = PBXBuildFile; fileRef = 452B82E81F3C393D00AF9AC6 /* write to clipboard.cpp */; };
		452B82ED1F3C3BE800AF9AC6 /* generate password.cpp in Sources */ = {isa = PBXBuildFile; fileRef = 452B82EB1F3C3BE800AF9AC6 /* generate password.cpp */; };
		452B82F01F3C401200AF9AC6 /* generate key.cpp in Sources */ = {isa = PBXBuildFile; fileRef = 452B82EE1F3C401200AF9AC6 /* generate key.cpp */; };
		452B82F31F3C40D300AF9AC6 /* app.cpp in Sources */ = {isa = PBXBuildFile; fileRef = 452B82F11F3C40D300AF9AC6 /* app.cpp */; };
/* End PBXBuildFile section */

/* Begin PBXCopyFilesBuildPhase section */
		452B82D31F3AFE3E00AF9AC6 /* CopyFiles */ = {
			isa = PBXCopyFilesBuildPhase;
			buildActionMask = 2147483647;
			dstPath = /usr/local/bin;
			dstSubfolderSpec = 0;
			files = (
				452B82D41F3AFE4B00AF9AC6 /* passman in CopyFiles */,
			);
			runOnlyForDeploymentPostprocessing = 0;
		};
/* End PBXCopyFilesBuildPhase section */

/* Begin PBXFileReference section */
		452B82C71F3AFD3C00AF9AC6 /* passman */ = {isa = PBXFileReference; explicitFileType = "compiled.mach-o.executable"; includeInIndex = 0; path = passman; sourceTree = BUILT_PRODUCTS_DIR; };
		452B82CA1F3AFD3C00AF9AC6 /* main.cpp */ = {isa = PBXFileReference; lastKnownFileType = sourcecode.cpp.cpp; path = main.cpp; sourceTree = "<group>"; };
		452B82D91F3B090200AF9AC6 /* libSDL2-2.0.0.dylib */ = {isa = PBXFileReference; lastKnownFileType = "compiled.mach-o.dylib"; name = "libSDL2-2.0.0.dylib"; path = "../../../../../../usr/local/Cellar/sdl2/2.0.5/lib/libSDL2-2.0.0.dylib"; sourceTree = "<group>"; };
		452B82DB1F3B0C1800AF9AC6 /* encrypt.cpp */ = {isa = PBXFileReference; fileEncoding = 4; lastKnownFileType = sourcecode.cpp.cpp; path = encrypt.cpp; sourceTree = "<group>"; };
		452B82DC1F3B0C1800AF9AC6 /* encrypt.hpp */ = {isa = PBXFileReference; fileEncoding = 4; lastKnownFileType = sourcecode.cpp.h; path = encrypt.hpp; sourceTree = "<group>"; };
		452B82DE1F3B106400AF9AC6 /* parse.cpp */ = {isa = PBXFileReference; fileEncoding = 4; lastKnownFileType = sourcecode.cpp.cpp; path = parse.cpp; sourceTree = "<group>"; };
		452B82DF1F3B106400AF9AC6 /* parse.hpp */ = {isa = PBXFileReference; fileEncoding = 4; lastKnownFileType = sourcecode.cpp.h; path = parse.hpp; sourceTree = "<group>"; };
		452B82E11F3B10EF00AF9AC6 /* passwords.cpp */ = {isa = PBXFileReference; fileEncoding = 4; lastKnownFileType = sourcecode.cpp.cpp; path = passwords.cpp; sourceTree = "<group>"; };
		452B82E21F3B10EF00AF9AC6 /* passwords.hpp */ = {isa = PBXFileReference; fileEncoding = 4; lastKnownFileType = sourcecode.cpp.h; path = passwords.hpp; sourceTree = "<group>"; };
		452B82E51F3C386300AF9AC6 /* interpret commands.cpp */ = {isa = PBXFileReference; fileEncoding = 4; lastKnownFileType = sourcecode.cpp.cpp; path = "interpret commands.cpp"; sourceTree = "<group>"; };
		452B82E61F3C386300AF9AC6 /* interpret commands.hpp */ = {isa = PBXFileReference; fileEncoding = 4; lastKnownFileType = sourcecode.cpp.h; path = "interpret commands.hpp"; sourceTree = "<group>"; };
		452B82E81F3C393D00AF9AC6 /* write to clipboard.cpp */ = {isa = PBXFileReference; fileEncoding = 4; lastKnownFileType = sourcecode.cpp.cpp; path = "write to clipboard.cpp"; sourceTree = "<group>"; };
		452B82E91F3C393D00AF9AC6 /* write to clipboard.hpp */ = {isa = PBXFileReference; fileEncoding = 4; lastKnownFileType = sourcecode.cpp.h; path = "write to clipboard.hpp"; sourceTree = "<group>"; };
		452B82EB1F3C3BE800AF9AC6 /* generate password.cpp */ = {isa = PBXFileReference; fileEncoding = 4; lastKnownFileType = sourcecode.cpp.cpp; path = "generate password.cpp"; sourceTree = "<group>"; };
		452B82EC1F3C3BE800AF9AC6 /* generate password.hpp */ = {isa = PBXFileReference; fileEncoding = 4; lastKnownFileType = sourcecode.cpp.h; path = "generate password.hpp"; sourceTree = "<group>"; };
		452B82EE1F3C401200AF9AC6 /* generate key.cpp */ = {isa = PBXFileReference; fileEncoding = 4; lastKnownFileType = sourcecode.cpp.cpp; path = "generate key.cpp"; sourceTree = "<group>"; };
		452B82EF1F3C401200AF9AC6 /* generate key.hpp */ = {isa = PBXFileReference; fileEncoding = 4; lastKnownFileType = sourcecode.cpp.h; path = "generate key.hpp"; sourceTree = "<group>"; };
		452B82F11F3C40D300AF9AC6 /* app.cpp */ = {isa = PBXFileReference; fileEncoding = 4; lastKnownFileType = sourcecode.cpp.cpp; path = app.cpp; sourceTree = "<group>"; };
		452B82F21F3C40D300AF9AC6 /* app.hpp */ = {isa = PBXFileReference; fileEncoding = 4; lastKnownFileType = sourcecode.cpp.h; path = app.hpp; sourceTree = "<group>"; };
/* End PBXFileReference section */

/* Begin PBXFrameworksBuildPhase section */
		452B82C41F3AFD3C00AF9AC6 /* Frameworks */ = {
			isa = PBXFrameworksBuildPhase;
			buildActionMask = 2147483647;
			files = (
			);
			runOnlyForDeploymentPostprocessing = 0;
		};
/* End PBXFrameworksBuildPhase section */

/* Begin PBXGroup section */
		452B82BE1F3AFD3C00AF9AC6 = {
			isa = PBXGroup;
			children = (
				452B82C91F3AFD3C00AF9AC6 /* Pass Man */,
				452B82C81F3AFD3C00AF9AC6 /* Products */,
				452B82D81F3B090200AF9AC6 /* Frameworks */,
			);
			sourceTree = "<group>";
		};
		452B82C81F3AFD3C00AF9AC6 /* Products */ = {
			isa = PBXGroup;
			children = (
				452B82C71F3AFD3C00AF9AC6 /* passman */,
			);
			name = Products;
			sourceTree = "<group>";
		};
		452B82C91F3AFD3C00AF9AC6 /* Pass Man */ = {
			isa = PBXGroup;
			children = (
				452B82CA1F3AFD3C00AF9AC6 /* main.cpp */,
				452B82F11F3C40D300AF9AC6 /* app.cpp */,
				452B82F21F3C40D300AF9AC6 /* app.hpp */,
				452B82DB1F3B0C1800AF9AC6 /* encrypt.cpp */,
				452B82DC1F3B0C1800AF9AC6 /* encrypt.hpp */,
				452B82DE1F3B106400AF9AC6 /* parse.cpp */,
				452B82DF1F3B106400AF9AC6 /* parse.hpp */,
				452B82E11F3B10EF00AF9AC6 /* passwords.cpp */,
				452B82E21F3B10EF00AF9AC6 /* passwords.hpp */,
				452B82E51F3C386300AF9AC6 /* interpret commands.cpp */,
				452B82E61F3C386300AF9AC6 /* interpret commands.hpp */,
				452B82E81F3C393D00AF9AC6 /* write to clipboard.cpp */,
				452B82E91F3C393D00AF9AC6 /* write to clipboard.hpp */,
				452B82EB1F3C3BE800AF9AC6 /* generate password.cpp */,
				452B82EC1F3C3BE800AF9AC6 /* generate password.hpp */,
				452B82EE1F3C401200AF9AC6 /* generate key.cpp */,
				452B82EF1F3C401200AF9AC6 /* generate key.hpp */,
			);
			path = "Pass Man";
			sourceTree = "<group>";
		};
		452B82D81F3B090200AF9AC6 /* Frameworks */ = {
			isa = PBXGroup;
			children = (
				452B82D91F3B090200AF9AC6 /* libSDL2-2.0.0.dylib */,
			);
			name = Frameworks;
			sourceTree = "<group>";
		};
/* End PBXGroup section */

/* Begin PBXNativeTarget section */
		452B82C61F3AFD3C00AF9AC6 /* passman */ = {
			isa = PBXNativeTarget;
			buildConfigurationList = 452B82CE1F3AFD3C00AF9AC6 /* Build configuration list for PBXNativeTarget "passman" */;
			buildPhases = (
				452B82C31F3AFD3C00AF9AC6 /* Sources */,
				452B82C41F3AFD3C00AF9AC6 /* Frameworks */,
				452B82D31F3AFE3E00AF9AC6 /* CopyFiles */,
			);
			buildRules = (
			);
			dependencies = (
			);
			name = passman;
			productName = "Pass Man";
			productReference = 452B82C71F3AFD3C00AF9AC6 /* passman */;
			productType = "com.apple.product-type.tool";
		};
/* End PBXNativeTarget section */

/* Begin PBXProject section */
		452B82BF1F3AFD3C00AF9AC6 /* Project object */ = {
			isa = PBXProject;
			attributes = {
				LastUpgradeCheck = 0830;
				ORGANIZATIONNAME = "Indi Kernick";
				TargetAttributes = {
					452B82C61F3AFD3C00AF9AC6 = {
						CreatedOnToolsVersion = 8.3.2;
						ProvisioningStyle = Automatic;
					};
				};
			};
			buildConfigurationList = 452B82C21F3AFD3C00AF9AC6 /* Build configuration list for PBXProject "Pass Man" */;
			compatibilityVersion = "Xcode 3.2";
			developmentRegion = English;
			hasScannedForEncodings = 0;
			knownRegions = (
				en,
			);
			mainGroup = 452B82BE1F3AFD3C00AF9AC6;
			productRefGroup = 452B82C81F3AFD3C00AF9AC6 /* Products */;
			projectDirPath = "";
			projectRoot = "";
			targets = (
				452B82C61F3AFD3C00AF9AC6 /* passman */,
			);
		};
/* End PBXProject section */

/* Begin PBXSourcesBuildPhase section */
		452B82C31F3AFD3C00AF9AC6 /* Sources */ = {
			isa = PBXSourcesBuildPhase;
			buildActionMask = 2147483647;
			files = (
				452B82F31F3C40D300AF9AC6 /* app.cpp in Sources */,
				452B82E31F3B10EF00AF9AC6 /* passwords.cpp in Sources */,
				452B82CB1F3AFD3C00AF9AC6 /* main.cpp in Sources */,
				452B82DD1F3B0C1800AF9AC6 /* encrypt.cpp in Sources */,
				452B82EA1F3C393D00AF9AC6 /* write to clipboard.cpp in Sources */,
				452B82ED1F3C3BE800AF9AC6 /* generate password.cpp in Sources */,
				452B82F01F3C401200AF9AC6 /* generate key.cpp in Sources */,
				452B82E01F3B106400AF9AC6 /* parse.cpp in Sources */,
				452B82E71F3C386300AF9AC6 /* interpret commands.cpp in Sources */,
			);
			runOnlyForDeploymentPostprocessing = 0;
		};
/* End PBXSourcesBuildPhase section */

/* Begin XCBuildConfiguration section */
		452B82CC1F3AFD3C00AF9AC6 /* Debug */ = {
			isa = XCBuildConfiguration;
			buildSettings = {
				ALWAYS_SEARCH_USER_PATHS = NO;
				CLANG_ANALYZER_NONNULL = YES;
				CLANG_ANALYZER_NUMBER_OBJECT_CONVERSION = YES_AGGRESSIVE;
				CLANG_CXX_LANGUAGE_STANDARD = "gnu++0x";
				CLANG_CXX_LIBRARY = "libc++";
				CLANG_ENABLE_MODULES = YES;
				CLANG_ENABLE_OBJC_ARC = YES;
				CLANG_WARN_BOOL_CONVERSION = YES;
				CLANG_WARN_CONSTANT_CONVERSION = YES;
				CLANG_WARN_DIRECT_OBJC_ISA_USAGE = YES_ERROR;
				CLANG_WARN_DOCUMENTATION_COMMENTS = YES;
				CLANG_WARN_EMPTY_BODY = YES;
				CLANG_WARN_ENUM_CONVERSION = YES;
				CLANG_WARN_INFINITE_RECURSION = YES;
				CLANG_WARN_INT_CONVERSION = YES;
				CLANG_WARN_OBJC_ROOT_CLASS = YES_ERROR;
				CLANG_WARN_SUSPICIOUS_MOVE = YES;
				CLANG_WARN_UNREACHABLE_CODE = YES;
				CLANG_WARN__DUPLICATE_METHOD_MATCH = YES;
				CODE_SIGN_IDENTITY = "-";
				COPY_PHASE_STRIP = NO;
				DEBUG_INFORMATION_FORMAT = dwarf;
				ENABLE_STRICT_OBJC_MSGSEND = YES;
				ENABLE_TESTABILITY = YES;
				GCC_C_LANGUAGE_STANDARD = gnu99;
				GCC_DYNAMIC_NO_PIC = NO;
				GCC_NO_COMMON_BLOCKS = YES;
				GCC_OPTIMIZATION_LEVEL = 0;
				GCC_PREPROCESSOR_DEFINITIONS = (
					"DEBUG=1",
					"$(inherited)",
				);
				GCC_WARN_64_TO_32_BIT_CONVERSION = YES;
				GCC_WARN_ABOUT_RETURN_TYPE = YES_ERROR;
				GCC_WARN_UNDECLARED_SELECTOR = YES;
				GCC_WARN_UNINITIALIZED_AUTOS = YES_AGGRESSIVE;
				GCC_WARN_UNUSED_FUNCTION = YES;
				GCC_WARN_UNUSED_VARIABLE = YES;
				MACOSX_DEPLOYMENT_TARGET = 10.12;
				MTL_ENABLE_DEBUG_INFO = YES;
				ONLY_ACTIVE_ARCH = YES;
				SDKROOT = macosx;
			};
			name = Debug;
		};
		452B82CD1F3AFD3C00AF9AC6 /* Release */ = {
			isa = XCBuildConfiguration;
			buildSettings = {
				ALWAYS_SEARCH_USER_PATHS = NO;
				CLANG_ANALYZER_NONNULL = YES;
				CLANG_ANALYZER_NUMBER_OBJECT_CONVERSION = YES_AGGRESSIVE;
				CLANG_CXX_LANGUAGE_STANDARD = "gnu++0x";
				CLANG_CXX_LIBRARY = "libc++";
				CLANG_ENABLE_MODULES = YES;
				CLANG_ENABLE_OBJC_ARC = YES;
				CLANG_WARN_BOOL_CONVERSION = YES;
				CLANG_WARN_CONSTANT_CONVERSION = YES;
				CLANG_WARN_DIRECT_OBJC_ISA_USAGE = YES_ERROR;
				CLANG_WARN_DOCUMENTATION_COMMENTS = YES;
				CLANG_WARN_EMPTY_BODY = YES;
				CLANG_WARN_ENUM_CONVERSION = YES;
				CLANG_WARN_INFINITE_RECURSION = YES;
				CLANG_WARN_INT_CONVERSION = YES;
				CLANG_WARN_OBJC_ROOT_CLASS = YES_ERROR;
				CLANG_WARN_SUSPICIOUS_MOVE = YES;
				CLANG_WARN_UNREACHABLE_CODE = YES;
				CLANG_WARN__DUPLICATE_METHOD_MATCH = YES;
				CODE_SIGN_IDENTITY = "-";
				COPY_PHASE_STRIP = NO;
				DEBUG_INFORMATION_FORMAT = "dwarf-with-dsym";
				ENABLE_NS_ASSERTIONS = NO;
				ENABLE_STRICT_OBJC_MSGSEND = YES;
				GCC_C_LANGUAGE_STANDARD = gnu99;
				GCC_NO_COMMON_BLOCKS = YES;
				GCC_WARN_64_TO_32_BIT_CONVERSION = YES;
				GCC_WARN_ABOUT_RETURN_TYPE = YES_ERROR;
				GCC_WARN_UNDECLARED_SELECTOR = YES;
				GCC_WARN_UNINITIALIZED_AUTOS = YES_AGGRESSIVE;
				GCC_WARN_UNUSED_FUNCTION = YES;
				GCC_WARN_UNUSED_VARIABLE = YES;
				MACOSX_DEPLOYMENT_TARGET = 10.12;
				MTL_ENABLE_DEBUG_INFO = NO;
				SDKROOT = macosx;
			};
			name = Release;
		};
		452B82CF1F3AFD3C00AF9AC6 /* Debug */ = {
			isa = XCBuildConfiguration;
			buildSettings = {
				CLANG_CXX_LANGUAGE_STANDARD = "compiler-default";
				OTHER_CPLUSPLUSFLAGS = (
					"$(OTHER_CFLAGS)",
					"-Wall",
					"-Wextra",
					"-Weffc++",
					"-Wpedantic",
					"-Wextra-semi",
					"-Wno-documentation",
					"-std=c++1z",
				);
				PRODUCT_NAME = "$(TARGET_NAME)";
			};
			name = Debug;
		};
		452B82D01F3AFD3C00AF9AC6 /* Release */ = {
			isa = XCBuildConfiguration;
			buildSettings = {
				CLANG_CXX_LANGUAGE_STANDARD = "compiler-default";
				OTHER_CPLUSPLUSFLAGS = (
					"$(OTHER_CFLAGS)",
					"-Wall",
					"-Wextra",
					"-Weffc++",
					"-Wpedantic",
					"-Wextra-semi",
					"-Wno-documentation",
					"-std=c++1z",
				);
				PRODUCT_NAME = "$(TARGET_NAME)";
			};
			name = Release;
		};
/* End XCBuildConfiguration section */

/* Begin XCConfigurationList section */
		452B82C21F3AFD3C00AF9AC6 /* Build configuration list for PBXProject "Pass Man" */ = {
			isa = XCConfigurationList;
			buildConfigurations = (
				452B82CC1F3AFD3C00AF9AC6 /* Debug */,
				452B82CD1F3AFD3C00AF9AC6 /* Release */,
			);
			defaultConfigurationIsVisible = 0;
			defaultConfigurationName = Release;
		};
		452B82CE1F3AFD3C00AF9AC6 /* Build configuration list for PBXNativeTarget "passman" */ = {
			isa = XCConfigurationList;
			buildConfigurations = (
				452B82CF1F3AFD3C00AF9AC6 /* Debug */,
				452B82D01F3AFD3C00AF9AC6 /* Release */,
			);
			defaultConfigurationIsVisible = 0;
		};
/* End XCConfigurationList section */
	};
	rootObject = 452B82BF1F3AFD3C00AF9AC6 /* Project object */;
}
